github.com/nickwells/testhelper.mod v1.15.1 h1:CHOqnYXRXkIUDAv0fubNx220MyKAiFMNmmKD1glFtvU=
github.com/nickwells/testhelper.mod v1.15.1/go.mod h1:Ct/U2PjL0n9hGc+US6uR/s4NxSRI33NM+0ZkrDkG0XI=
github.com/nickwells/twrap.mod v1.4.13 h1:Big+VVxQRWbwufMoA9rHw5wrjN8Nec9/zeo87dM3ALw=
github.com/nickwells/twrap.mod v1.4.13/go.mod h1:U/WQ+bTHs0BsLWHnrmHTwfJaZHnV3QIrq31VKjTgXPo=
