github.com/nickwells/testhelper.mod/v2 v2.0.0 h1:g4QqEDymswzvLa7oGlzbTFX3/17lNNjW09lcl6jso1c=
github.com/nickwells/testhelper.mod/v2 v2.0.0/go.mod h1:pdhf+XHRINEUH6a0OcwC98ETD3ZluAXKA5xOhC2I2Qk=
github.com/nickwells/twrap.mod v1.4.17 h1:V6tgiCZyA3imfk5Nv1SkghbzkfOk/hJHg5x7FGdzEik=
github.com/nickwells/twrap.mod v1.4.17/go.mod h1:6f8u+gn+HkSQ6w3pFm43h6jbvNvo0fx3x7c+rHBSmlI=
golang.org/x/exp v0.0.0-20220328175248-053ad81199eb h1:pC9Okm6BVmxEw76PUu0XUbOTQ92JX11hfvqTjAV3qxM=
golang.org/x/exp v0.0.0-20220328175248-053ad81199eb/go.mod h1:lgLbSvA5ygNOMpwM/9anMpWVlVJ7Z+cHWq/eFuinpGE=
